# THIS IS AN AUTOGENERATED FILE. DO NOT EDIT THIS FILE DIRECTLY.
# yarn lockfile v1


"@adraffy/ens-normalize@1.10.0":
  version "1.10.0"
  resolved "https://registry.yarnpkg.com/@adraffy/ens-normalize/-/ens-normalize-1.10.0.tgz#d2a39395c587e092d77cbbc80acf956a54f38bf7"
  integrity sha512-nA9XHtlAkYfJxY7bce8DcN7eKxWWCWkU+1GR9d+U6MbNpfwQp8TI7vqOsBsMcHoT4mBu2kypKoSKnghEzOOq5Q==

"@near-js/accounts@1.3.0":
  version "1.3.0"
  resolved "https://registry.yarnpkg.com/@near-js/accounts/-/accounts-1.3.0.tgz#388761d164c64b03d3e42315d2e5346ee22fbf97"
  integrity sha512-syUgc7EanfN2sX2UJsmJIcZ6OuQ5Ilr/GoVSD8MVOV7B5dT1HZSkMuIBdu+pKfmBbG3EGUOoT8Txxs8Nx96gGA==
  dependencies:
    "@near-js/crypto" "1.4.0"
    "@near-js/providers" "1.0.0"
    "@near-js/signers" "0.2.0"
    "@near-js/transactions" "1.3.0"
    "@near-js/types" "0.3.0"
    "@near-js/utils" "1.0.0"
    "@noble/hashes" "1.3.3"
    borsh "1.0.0"
    depd "2.0.0"
    is-my-json-valid "^2.20.6"
    isomorphic-unfetch "^3.1.0"
    lru_map "0.4.1"
    near-abi "0.1.1"

"@near-js/crypto@1.4.0":
  version "1.4.0"
  resolved "https://registry.yarnpkg.com/@near-js/crypto/-/crypto-1.4.0.tgz#52717d7aa0baf5429b0d5a1971a3c9a6e0aeedd9"
  integrity sha512-2SYS7LyFz2/y8idqAyyS4jf3pn6zFg4tLbOq9OlB+MTZhvsnUcWW+HLznyBytp6dW8lAQ03E+Ew0bYfJSCIJJw==
  dependencies:
    "@near-js/types" "0.3.0"
    "@near-js/utils" "1.0.0"
    "@noble/curves" "1.2.0"
    borsh "1.0.0"
    randombytes "2.1.0"
    secp256k1 "5.0.0"

"@near-js/keystores-browser@0.2.0":
  version "0.2.0"
  resolved "https://registry.yarnpkg.com/@near-js/keystores-browser/-/keystores-browser-0.2.0.tgz#d6cab4b52615e49fea5a1c9fa537d428a30cf0e5"
  integrity sha512-vR6XY5ztAzXwNqEipfkwfG6M8PiNNgdDAdogTQBm0FKQUegMsxbMN6x4UyTd1v0oQAzuRmYGwTLmTxQyzH1FQA==
  dependencies:
    "@near-js/crypto" "1.4.0"
    "@near-js/keystores" "0.2.0"

"@near-js/keystores-node@0.1.0":
  version "0.1.0"
  resolved "https://registry.yarnpkg.com/@near-js/keystores-node/-/keystores-node-0.1.0.tgz#19baea9d2e492e786be68b8c8b9e0b8c5a4d1b69"
  integrity sha512-SOtwrXWwGRbYqqu6TOO3jcCDkzSw+UG+SWVh5VbeTgHIzqR1CI4r4qhyXuTWZPyewJPDogO1ggepQi9NhfkJmA==
  dependencies:
    "@near-js/crypto" "1.4.0"
    "@near-js/keystores" "0.2.0"

"@near-js/keystores@0.2.0":
  version "0.2.0"
  resolved "https://registry.yarnpkg.com/@near-js/keystores/-/keystores-0.2.0.tgz#f309716381d3acf402951a96cb6fa551fe1950d2"
  integrity sha512-vZiyx9whLlA7/EDdkZGf//0AL2FWAUyGpVhWIHcbJZwQ7DNcjpkb0tRydFp8Yk4bb7kcYnoyksSeRx9kQUMyjA==
  dependencies:
    "@near-js/crypto" "1.4.0"
    "@near-js/types" "0.3.0"

"@near-js/providers@1.0.0":
  version "1.0.0"
  resolved "https://registry.yarnpkg.com/@near-js/providers/-/providers-1.0.0.tgz#72faaf6e335ee515abee941b09bd1a19b0c7857f"
  integrity sha512-1++g0tVuHQWewkdmom3Iz5BSVT+KHgG7TX5YHywecg4uGLGhaf5oX1EPCXf/CYnTV61FjaNGIrIMNgwbGzacpw==
  dependencies:
    "@near-js/transactions" "1.3.0"
    "@near-js/types" "0.3.0"
    "@near-js/utils" "1.0.0"
    borsh "1.0.0"
    exponential-backoff "^3.1.1"
    isomorphic-unfetch "^3.1.0"
  optionalDependencies:
    node-fetch "2.6.7"

"@near-js/signers@0.2.0":
  version "0.2.0"
  resolved "https://registry.yarnpkg.com/@near-js/signers/-/signers-0.2.0.tgz#acedfb7366fc54d049e1a5b95a8b6a1b71840b09"
  integrity sha512-plzTnjI7IodTtMwGe2m1bg1ZwGeHeKanJqVoXFypZj7gOuuqVOi+9vcHdSu7T2McnzRujPQbj31PmfDQ3O3YCw==
  dependencies:
    "@near-js/crypto" "1.4.0"
    "@near-js/keystores" "0.2.0"
    "@noble/hashes" "1.3.3"

"@near-js/transactions@1.3.0":
  version "1.3.0"
  resolved "https://registry.yarnpkg.com/@near-js/transactions/-/transactions-1.3.0.tgz#d8801c449c3609d2bb4e7a7b93c1d28d272f160d"
  integrity sha512-M9DuFX009E5twEbPV9Fs67nNu8T8segE7yG57q02MmPMOQ7RDanHA2fKqARsltTZ26EEXb92x3lAKt7qFdCfCw==
  dependencies:
    "@near-js/crypto" "1.4.0"
    "@near-js/signers" "0.2.0"
    "@near-js/types" "0.3.0"
    "@near-js/utils" "1.0.0"
    "@noble/hashes" "1.3.3"
    borsh "1.0.0"

"@near-js/types@0.3.0":
  version "0.3.0"
  resolved "https://registry.yarnpkg.com/@near-js/types/-/types-0.3.0.tgz#aa5fa1097c338166c5401bfb16de26385c3ddc74"
  integrity sha512-IwayA5Wa4+hryo22AuAYIu5a/nOAheF/Bmz9kpuouX9L4he+Tc8xAt5NfE60zXG7tsukAw1QAaHE1kBzhmwtKw==

"@near-js/utils@1.0.0":
  version "1.0.0"
  resolved "https://registry.yarnpkg.com/@near-js/utils/-/utils-1.0.0.tgz#10d94a2b4c307ee7e44775a723a0005eb293735a"
  integrity sha512-4dd6fDgWZnG+0VSKPBA3czEQdi9UotepdwcEKLTbXepIL1FX2ZlQV6HVi7KYmrAVwv1ims11vGnWzJWKy46ULw==
  dependencies:
    "@near-js/types" "0.3.0"
    bs58 "4.0.0"
    depd "2.0.0"
    mustache "4.0.0"

"@near-js/wallet-account@1.3.0":
  version "1.3.0"
  resolved "https://registry.yarnpkg.com/@near-js/wallet-account/-/wallet-account-1.3.0.tgz#9b3e3aee5f2afbaaa2da6f58daad3cd5f8ecb6e8"
  integrity sha512-5gqwLXZsGkDMnEIZU7HnJEFol7ICno7wCnwGXHl7VhjBzve5OfaRt/IQpQitogoAUlonpQYmOi2r5qu76nj1lw==
  dependencies:
    "@near-js/accounts" "1.3.0"
    "@near-js/crypto" "1.4.0"
    "@near-js/keystores" "0.2.0"
    "@near-js/providers" "1.0.0"
    "@near-js/signers" "0.2.0"
    "@near-js/transactions" "1.3.0"
    "@near-js/types" "0.3.0"
    "@near-js/utils" "1.0.0"
    borsh "1.0.0"

"@noble/curves@1.2.0":
  version "1.2.0"
  resolved "https://registry.yarnpkg.com/@noble/curves/-/curves-1.2.0.tgz#92d7e12e4e49b23105a2555c6984d41733d65c35"
  integrity sha512-oYclrNgRaM9SsBUBVbb8M6DTV7ZHRTKugureoYEncY5c65HOmRzvSiTE3y5CYaPYJA/GVkrhXEoF0M3Ya9PMnw==
  dependencies:
    "@noble/hashes" "1.3.2"

"@noble/curves@1.4.0":
  version "1.4.0"
  resolved "https://registry.yarnpkg.com/@noble/curves/-/curves-1.4.0.tgz#f05771ef64da724997f69ee1261b2417a49522d6"
  integrity sha512-p+4cb332SFCrReJkCYe8Xzm0OWi4Jji5jVdIZRL/PmacmDkFNw6MrrV+gGpiPxLHbV+zKFRywUWbaseT+tZRXg==
  dependencies:
    "@noble/hashes" "1.4.0"

"@noble/curves@^1.4.0":
  version "1.6.0"
  resolved "https://registry.yarnpkg.com/@noble/curves/-/curves-1.6.0.tgz#be5296ebcd5a1730fccea4786d420f87abfeb40b"
  integrity sha512-TlaHRXDehJuRNR9TfZDNQ45mMEd5dwUwmicsafcIX4SsNiqnCHKjE/1alYPd/lDRVhxdhUAlv8uEhMCI5zjIJQ==
  dependencies:
    "@noble/hashes" "1.5.0"

"@noble/curves@~1.4.0":
  version "1.4.2"
  resolved "https://registry.yarnpkg.com/@noble/curves/-/curves-1.4.2.tgz#40309198c76ed71bc6dbf7ba24e81ceb4d0d1fe9"
  integrity sha512-TavHr8qycMChk8UwMld0ZDRvatedkzWfH8IiaeGCfymOP5i0hSCozz9vHOL0nkwk7HRMlFnAiKpS2jrUmSybcw==
  dependencies:
    "@noble/hashes" "1.4.0"

"@noble/hashes@1.3.2":
  version "1.3.2"
  resolved "https://registry.yarnpkg.com/@noble/hashes/-/hashes-1.3.2.tgz#6f26dbc8fbc7205873ce3cee2f690eba0d421b39"
  integrity sha512-MVC8EAQp7MvEcm30KWENFjgR+Mkmf+D189XJTkFIlwohU5hcBbn1ZkKq7KVTi2Hme3PMGF390DaL52beVrIihQ==

"@noble/hashes@1.3.3":
  version "1.3.3"
  resolved "https://registry.yarnpkg.com/@noble/hashes/-/hashes-1.3.3.tgz#39908da56a4adc270147bb07968bf3b16cfe1699"
  integrity sha512-V7/fPHgl+jsVPXqqeOzT8egNj2iBIVt+ECeMMG8TdcnTikP3oaBtUVqpT/gYCR68aEBJSF+XbYUxStjbFMqIIA==

"@noble/hashes@1.4.0", "@noble/hashes@~1.4.0":
  version "1.4.0"
  resolved "https://registry.yarnpkg.com/@noble/hashes/-/hashes-1.4.0.tgz#45814aa329f30e4fe0ba49426f49dfccdd066426"
  integrity sha512-V1JJ1WTRUqHHrOSh597hURcMqVKVGL/ea3kv0gSnEdsEZ0/+VyPghM1lMNGc00z7CIQorSvbKpuJkxvuHbvdbg==

"@noble/hashes@1.5.0", "@noble/hashes@^1.4.0", "@noble/hashes@~1.5.0":
  version "1.5.0"
  resolved "https://registry.yarnpkg.com/@noble/hashes/-/hashes-1.5.0.tgz#abadc5ca20332db2b1b2aa3e496e9af1213570b0"
  integrity sha512-1j6kQFb7QRru7eKN3ZDvRcP13rugwdxZqCjbiAVZfIJwgj2A65UmT4TgARXGlXgnRkORLTDTrO19ZErt7+QXgA==

"@scure/base@~1.1.6", "@scure/base@~1.1.8":
  version "1.1.8"
  resolved "https://registry.yarnpkg.com/@scure/base/-/base-1.1.8.tgz#8f23646c352f020c83bca750a82789e246d42b50"
  integrity sha512-6CyAclxj3Nb0XT7GHK6K4zK6k2xJm6E4Ft0Ohjt4WgegiFUHEtFb2CGzmPmGBwoIhrLsqNLYfLr04Y1GePrzZg==

"@scure/bip32@1.4.0":
  version "1.4.0"
  resolved "https://registry.yarnpkg.com/@scure/bip32/-/bip32-1.4.0.tgz#4e1f1e196abedcef395b33b9674a042524e20d67"
  integrity sha512-sVUpc0Vq3tXCkDGYVWGIZTRfnvu8LoTDaev7vbwh0omSvVORONr960MQWdKqJDCReIEmTj3PAr73O3aoxz7OPg==
  dependencies:
    "@noble/curves" "~1.4.0"
    "@noble/hashes" "~1.4.0"
    "@scure/base" "~1.1.6"

"@scure/bip39@1.4.0":
  version "1.4.0"
  resolved "https://registry.yarnpkg.com/@scure/bip39/-/bip39-1.4.0.tgz#664d4f851564e2e1d4bffa0339f9546ea55960a6"
  integrity sha512-BEEm6p8IueV/ZTfQLp/0vhw4NPnT9oWf5+28nvmeUICjP99f4vr2d+qc7AVGDDtwRep6ifR43Yed9ERVmiITzw==
  dependencies:
    "@noble/hashes" "~1.5.0"
    "@scure/base" "~1.1.8"

"@types/json-schema@^7.0.11":
  version "7.0.15"
  resolved "https://registry.yarnpkg.com/@types/json-schema/-/json-schema-7.0.15.tgz#596a1747233694d50f6ad8a7869fcb6f56cf5841"
  integrity sha512-5+fP8P8MFNC+AyZCDxrB2pkZFPGzqQWUzpSeuuVLvm8VMcorNYavBqoFcxK8bQz4Qsbn4oUEEem4wDLfcysGHA==

abitype@1.0.5:
  version "1.0.5"
  resolved "https://registry.yarnpkg.com/abitype/-/abitype-1.0.5.tgz#29d0daa3eea867ca90f7e4123144c1d1270774b6"
  integrity sha512-YzDhti7cjlfaBhHutMaboYB21Ha3rXR9QTkNJFzYC4kC8YclaiwPBBBJY8ejFdu2wnJeZCVZSMlQJ7fi8S6hsw==

base-x@^2.0.1:
  version "2.0.6"
  resolved "https://registry.yarnpkg.com/base-x/-/base-x-2.0.6.tgz#4582a91ebcec99ee06f4e4032030b0cf1c2941d8"
  integrity sha512-UAmjxz9KbK+YIi66xej+pZVo/vxUOh49ubEvZW5egCbxhur05pBb+hwuireQwKO4nDpsNm64/jEei17LEpsr5g==
  dependencies:
    safe-buffer "^5.0.1"

base-x@^4.0.0:
  version "4.0.0"
  resolved "https://registry.yarnpkg.com/base-x/-/base-x-4.0.0.tgz#d0e3b7753450c73f8ad2389b5c018a4af7b2224a"
  integrity sha512-FuwxlW4H5kh37X/oW59pwTzzTKRzfrrQwhmyspRM7swOEZcHtDZSCt45U6oKgtuFE+WYPblePMVIPR4RZrh/hw==

bn.js@^4.11.9:
  version "4.12.0"
  resolved "https://registry.yarnpkg.com/bn.js/-/bn.js-4.12.0.tgz#775b3f278efbb9718eec7361f483fb36fbbfea88"
  integrity sha512-c98Bf3tPniI+scsdk237ku1Dc3ujXQTSgyiPUDEOe7tRkhrqridvh8klBv0HCEso1OLOYcHuCv/cS6DNxKH+ZA==

borsh@1.0.0:
  version "1.0.0"
  resolved "https://registry.yarnpkg.com/borsh/-/borsh-1.0.0.tgz#b564c8cc8f7a91e3772b9aef9e07f62b84213c1f"
  integrity sha512-fSVWzzemnyfF89EPwlUNsrS5swF5CrtiN4e+h0/lLf4dz2he4L3ndM20PS9wj7ICSkXJe/TQUHdaPTq15b1mNQ==

brorand@^1.1.0:
  version "1.1.0"
  resolved "https://registry.yarnpkg.com/brorand/-/brorand-1.1.0.tgz#12c25efe40a45e3c323eb8675a0a0ce57b22371f"
  integrity sha512-cKV8tMCEpQs4hK/ik71d6LrPOnpkpGBR0wzxqr68g2m/LB2GxVYQroAjMJZRVM1Y4BCjCKc3vAamxSzOY2RP+w==

bs58@4.0.0:
  version "4.0.0"
  resolved "https://registry.yarnpkg.com/bs58/-/bs58-4.0.0.tgz#65f5deaf6d74e6135a99f763ca6209ab424b9172"
  integrity sha512-/jcGuUuSebyxwLLfKrbKnCJttxRf9PM51EnHTwmFKBxl4z1SGkoAhrfd6uZKE0dcjQTfm6XzTP8DPr1tzE4KIw==
  dependencies:
    base-x "^2.0.1"

bs58@^5.0.0:
  version "5.0.0"
  resolved "https://registry.yarnpkg.com/bs58/-/bs58-5.0.0.tgz#865575b4d13c09ea2a84622df6c8cbeb54ffc279"
  integrity sha512-r+ihvQJvahgYT50JD05dyJNKlmmSlMoOGwn1lCcEzanPglg7TxYjioQUYehQ9mAR/+hOSd2jRc/Z2y5UxBymvQ==
  dependencies:
    base-x "^4.0.0"

depd@2.0.0:
  version "2.0.0"
  resolved "https://registry.yarnpkg.com/depd/-/depd-2.0.0.tgz#b696163cc757560d09cf22cc8fad1571b79e76df"
  integrity sha512-g7nH6P6dyDioJogAAGprGpCtVImJhpPk/roCzdb3fIh61/s/nPsfR6onyMwkCAR/OlC3yBC0lESvUoQEAssIrw==

depd@~1.1.2:
  version "1.1.2"
  resolved "https://registry.yarnpkg.com/depd/-/depd-1.1.2.tgz#9bcd52e14c097763e749b274c4346ed2e560b5a9"
  integrity sha512-7emPTl6Dpo6JRXOXjLRxck+FlLRX5847cLKEn00PLAgc3g2hTZZgr+e4c2v6QpSmLeFP3n5yUo7ft6avBK/5jQ==

elliptic@^6.5.4, elliptic@^6.5.5:
  version "6.5.7"
  resolved "https://registry.yarnpkg.com/elliptic/-/elliptic-6.5.7.tgz#8ec4da2cb2939926a1b9a73619d768207e647c8b"
  integrity sha512-ESVCtTwiA+XhY3wyh24QqRGBoP3rEdDUl3EDUUo9tft074fi19IrdpH7hLCMMP3CIj7jb3W96rn8lt/BqIlt5Q==
  dependencies:
    bn.js "^4.11.9"
    brorand "^1.1.0"
    hash.js "^1.0.0"
    hmac-drbg "^1.0.1"
    inherits "^2.0.4"
    minimalistic-assert "^1.0.1"
    minimalistic-crypto-utils "^1.0.1"

exponential-backoff@^3.1.1:
  version "3.1.1"
  resolved "https://registry.yarnpkg.com/exponential-backoff/-/exponential-backoff-3.1.1.tgz#64ac7526fe341ab18a39016cd22c787d01e00bf6"
  integrity sha512-dX7e/LHVJ6W3DE1MHWi9S1EYzDESENfLrYohG2G++ovZrYOkm4Knwa0mc1cn84xJOR4KEU0WSchhLbd0UklbHw==

fs@^1.0.6:
  version "0.0.2"
  resolved "https://registry.yarnpkg.com/fs/-/fs-0.0.2.tgz#e1f244ef3933c1b2a64bd4799136060d0f5914f8"
  integrity sha512-YAiVokMCrSIFZiroB1oz51hPiPRVcUtSa4x2U5RYXyhS9VAPdiFigKbPTnOSq7XY8wd3FIVPYmXpo5lMzFmxgg==

generate-function@^2.0.0:
  version "2.3.1"
  resolved "https://registry.yarnpkg.com/generate-function/-/generate-function-2.3.1.tgz#f069617690c10c868e73b8465746764f97c3479f"
  integrity sha512-eeB5GfMNeevm/GRYq20ShmsaGcmI81kIX2K9XQx5miC8KdHaC6Jm0qQ8ZNeGOi7wYB8OsdxKs+Y2oVuTFuVwKQ==
  dependencies:
    is-property "^1.0.2"

generate-object-property@^1.1.0:
  version "1.2.0"
  resolved "https://registry.yarnpkg.com/generate-object-property/-/generate-object-property-1.2.0.tgz#9c0e1c40308ce804f4783618b937fa88f99d50d0"
  integrity sha512-TuOwZWgJ2VAMEGJvAyPWvpqxSANF0LDpmyHauMjFYzaACvn+QTT/AZomvPCzVBV7yDN3OmwHQ5OvHaeLKre3JQ==
  dependencies:
    is-property "^1.0.0"

hash.js@^1.0.0, hash.js@^1.0.3:
  version "1.1.7"
  resolved "https://registry.yarnpkg.com/hash.js/-/hash.js-1.1.7.tgz#0babca538e8d4ee4a0f8988d68866537a003cf42"
  integrity sha512-taOaskGt4z4SOANNseOviYDvjEJinIkRgmp7LbKP2YTTmVxWBl87s/uzK9r+44BclBSp2X7K1hqeNfz9JbBeXA==
  dependencies:
    inherits "^2.0.3"
    minimalistic-assert "^1.0.1"

hmac-drbg@^1.0.1:
  version "1.0.1"
  resolved "https://registry.yarnpkg.com/hmac-drbg/-/hmac-drbg-1.0.1.tgz#d2745701025a6c775a6c545793ed502fc0c649a1"
  integrity sha512-Tti3gMqLdZfhOQY1Mzf/AanLiqh1WTiJgEj26ZuYQ9fbkLomzGchCws4FyrSd4VkpBfiNhaE1On+lOz894jvXg==
  dependencies:
    hash.js "^1.0.3"
    minimalistic-assert "^1.0.0"
    minimalistic-crypto-utils "^1.0.1"

http-errors@1.7.2:
  version "1.7.2"
  resolved "https://registry.yarnpkg.com/http-errors/-/http-errors-1.7.2.tgz#4f5029cf13239f31036e5b2e55292bcfbcc85c8f"
  integrity sha512-uUQBt3H/cSIVfch6i1EuPNy/YsRSOUBXTVfZ+yR7Zjez3qjBz6i9+i4zjNaoqcoFVI4lQJ5plg63TvGfRSDCRg==
  dependencies:
    depd "~1.1.2"
    inherits "2.0.3"
    setprototypeof "1.1.1"
    statuses ">= 1.5.0 < 2"
    toidentifier "1.0.0"

inherits@2.0.3:
  version "2.0.3"
  resolved "https://registry.yarnpkg.com/inherits/-/inherits-2.0.3.tgz#633c2c83e3da42a502f52466022480f4208261de"
  integrity sha512-x00IRNXNy63jwGkJmzPigoySHbaqpNuzKbBOmzK+g2OdZpQ9w+sxCN+VSB3ja7IAge2OP2qpfxTjeNcyjmW1uw==

inherits@^2.0.3, inherits@^2.0.4:
  version "2.0.4"
  resolved "https://registry.yarnpkg.com/inherits/-/inherits-2.0.4.tgz#0fa2c64f932917c3433a0ded55363aae37416b7c"
  integrity sha512-k/vGaX4/Yla3WzyMCvTQOXYeIHvqOKtnqBduzTHpzpQZzAskKMhZ2K+EnBiSM9zGSoIFeMpXKxa4dYeZIQqewQ==

is-my-ip-valid@^1.0.0:
  version "1.0.1"
  resolved "https://registry.yarnpkg.com/is-my-ip-valid/-/is-my-ip-valid-1.0.1.tgz#f7220d1146257c98672e6fba097a9f3f2d348442"
  integrity sha512-jxc8cBcOWbNK2i2aTkCZP6i7wkHF1bqKFrwEHuN5Jtg5BSaZHUZQ/JTOJwoV41YvHnOaRyWWh72T/KvfNz9DJg==

is-my-json-valid@^2.20.6:
  version "2.20.6"
  resolved "https://registry.yarnpkg.com/is-my-json-valid/-/is-my-json-valid-2.20.6.tgz#a9d89e56a36493c77bda1440d69ae0dc46a08387"
  integrity sha512-1JQwulVNjx8UqkPE/bqDaxtH4PXCe/2VRh/y3p99heOV87HG4Id5/VfDswd+YiAfHcRTfDlWgISycnHuhZq1aw==
  dependencies:
    generate-function "^2.0.0"
    generate-object-property "^1.1.0"
    is-my-ip-valid "^1.0.0"
    jsonpointer "^5.0.0"
    xtend "^4.0.0"

is-property@^1.0.0, is-property@^1.0.2:
  version "1.0.2"
  resolved "https://registry.yarnpkg.com/is-property/-/is-property-1.0.2.tgz#57fe1c4e48474edd65b09911f26b1cd4095dda84"
  integrity sha512-Ks/IoX00TtClbGQr4TWXemAnktAQvYB7HzcCxDGqEZU6oCmb2INHuOoKxbtR+HFkmYWBKv/dOZtGRiAjDhj92g==

isomorphic-unfetch@^3.1.0:
  version "3.1.0"
  resolved "https://registry.yarnpkg.com/isomorphic-unfetch/-/isomorphic-unfetch-3.1.0.tgz#87341d5f4f7b63843d468438128cb087b7c3e98f"
  integrity sha512-geDJjpoZ8N0kWexiwkX8F9NkTsXhetLPVbZFQ+JTW239QNOwvB0gniuR1Wc6f0AMTn7/mFGyXvHTifrCp/GH8Q==
  dependencies:
    node-fetch "^2.6.1"
    unfetch "^4.2.0"

isows@1.0.4:
  version "1.0.4"
  resolved "https://registry.yarnpkg.com/isows/-/isows-1.0.4.tgz#810cd0d90cc4995c26395d2aa4cfa4037ebdf061"
  integrity sha512-hEzjY+x9u9hPmBom9IIAqdJCwNLax+xrPb51vEPpERoFlIxgmZcHzsT5jKG06nvInKOBGvReAVz80Umed5CczQ==

js-sha3@^0.11.0:
  version "0.9.3"
  resolved "https://registry.yarnpkg.com/js-sha3/-/js-sha3-0.9.3.tgz#f0209432b23a66a0f6c7af592c26802291a75c2a"
  integrity sha512-BcJPCQeLg6WjEx3FE591wVAevlli8lxsxm9/FzV4HXkV49TmBH38Yvrpce6fjbADGMKFrBMGTqrVz3qPIZ88Gg==

jsonpointer@^5.0.0:
  version "5.0.1"
  resolved "https://registry.yarnpkg.com/jsonpointer/-/jsonpointer-5.0.1.tgz#2110e0af0900fd37467b5907ecd13a7884a1b559"
  integrity sha512-p/nXbhSEcu3pZRdkW1OfJhpsVtW1gd4Wa1fnQc9YLiTfAjn0312eMKimbdIQzuZl9aa9xUGaRlP9T/CJE/ditQ==

keccak@^3.0.4:
  version "3.0.4"
  resolved "https://registry.yarnpkg.com/keccak/-/keccak-3.0.4.tgz#edc09b89e633c0549da444432ecf062ffadee86d"
  integrity sha512-3vKuW0jV8J3XNTzvfyicFR5qvxrSAGl7KIhvgOu5cmWwM7tZRj3fMbj/pfIf4be7aznbc+prBWGjywox/g2Y6Q==
  dependencies:
    node-addon-api "^2.0.0"
    node-gyp-build "^4.2.0"
    readable-stream "^3.6.0"

lru_map@0.4.1:
  version "0.4.1"
  resolved "https://registry.yarnpkg.com/lru_map/-/lru_map-0.4.1.tgz#f7b4046283c79fb7370c36f8fca6aee4324b0a98"
  integrity sha512-I+lBvqMMFfqaV8CJCISjI3wbjmwVu/VyOoU7+qtu9d7ioW5klMgsTTiUOUp+DJvfTTzKXoPbyC6YfgkNcyPSOg==

minimalistic-assert@^1.0.0, minimalistic-assert@^1.0.1:
  version "1.0.1"
  resolved "https://registry.yarnpkg.com/minimalistic-assert/-/minimalistic-assert-1.0.1.tgz#2e194de044626d4a10e7f7fbc00ce73e83e4d5c7"
  integrity sha512-UtJcAD4yEaGtjPezWuO9wC4nwUnVH/8/Im3yEHQP4b67cXlD/Qr9hdITCU1xDbSEXg2XKNaP8jsReV7vQd00/A==

minimalistic-crypto-utils@^1.0.1:
  version "1.0.1"
  resolved "https://registry.yarnpkg.com/minimalistic-crypto-utils/-/minimalistic-crypto-utils-1.0.1.tgz#f6c00c1c0b082246e5c4d99dfb8c7c083b2b582a"
  integrity sha512-JIYlbt6g8i5jKfJ3xz7rF0LXmv2TkDxBLUkiBeZ7bAx4GnnNMr8xFpGnOxn6GhTEHx3SjRrZEoU+j04prX1ktg==

mustache@4.0.0:
  version "4.0.0"
  resolved "https://registry.yarnpkg.com/mustache/-/mustache-4.0.0.tgz#7f02465dbb5b435859d154831c032acdfbbefb31"
  integrity sha512-FJgjyX/IVkbXBXYUwH+OYwQKqWpFPLaLVESd70yHjSDunwzV2hZOoTBvPf4KLoxesUzzyfTH6F784Uqd7Wm5yA==

near-abi@0.1.1:
  version "0.1.1"
  resolved "https://registry.yarnpkg.com/near-abi/-/near-abi-0.1.1.tgz#b7ead408ca4ad11de4fe3e595d30a7a8bc5307e0"
  integrity sha512-RVDI8O+KVxRpC3KycJ1bpfVj9Zv+xvq9PlW1yIFl46GhrnLw83/72HqHGjGDjQ8DtltkcpSjY9X3YIGZ+1QyzQ==
  dependencies:
    "@types/json-schema" "^7.0.11"

near-api-js@^5.0.0:
  version "5.0.0"
  resolved "https://registry.yarnpkg.com/near-api-js/-/near-api-js-5.0.0.tgz#1eb9c6f3611870e64fa63c65f45253e3350b81d0"
  integrity sha512-JQBWG2TGSNx4EJKFtsz2lhadFYtZofyJjwigIqlKjBXQluG5DepM5ZdPJSTZ3R526OoqOcGq7MeZMYlW+hn2nw==
  dependencies:
    "@near-js/accounts" "1.3.0"
    "@near-js/crypto" "1.4.0"
    "@near-js/keystores" "0.2.0"
    "@near-js/keystores-browser" "0.2.0"
    "@near-js/keystores-node" "0.1.0"
    "@near-js/providers" "1.0.0"
    "@near-js/signers" "0.2.0"
    "@near-js/transactions" "1.3.0"
    "@near-js/types" "0.3.0"
    "@near-js/utils" "1.0.0"
    "@near-js/wallet-account" "1.3.0"
    "@noble/curves" "1.2.0"
    borsh "1.0.0"
    depd "2.0.0"
    http-errors "1.7.2"
    near-abi "0.1.1"
    node-fetch "2.6.7"

node-addon-api@^2.0.0:
  version "2.0.2"
  resolved "https://registry.yarnpkg.com/node-addon-api/-/node-addon-api-2.0.2.tgz#432cfa82962ce494b132e9d72a15b29f71ff5d32"
  integrity sha512-Ntyt4AIXyaLIuMHF6IOoTakB3K+RWxwtsHNRxllEoA6vPwP9o4866g6YWDLUdnucilZhmkxiHwHr11gAENw+QA==

node-addon-api@^5.0.0:
  version "5.1.0"
  resolved "https://registry.yarnpkg.com/node-addon-api/-/node-addon-api-5.1.0.tgz#49da1ca055e109a23d537e9de43c09cca21eb762"
  integrity sha512-eh0GgfEkpnoWDq+VY8OyvYhFEzBk6jIYbRKdIlyTiAXIVJ8PyBaKb0rp7oDtoddbdoHWhq8wwr+XZ81F1rpNdA==

node-fetch@2.6.7:
  version "2.6.7"
  resolved "https://registry.yarnpkg.com/node-fetch/-/node-fetch-2.6.7.tgz#24de9fba827e3b4ae44dc8b20256a379160052ad"
  integrity sha512-ZjMPFEfVx5j+y2yF35Kzx5sF7kDzxuDj6ziH4FFbOp87zKDZNx8yExJIb05OGF4Nlt9IHFIMBkRl41VdvcNdbQ==
  dependencies:
    whatwg-url "^5.0.0"

node-fetch@^2.6.1:
  version "2.7.0"
  resolved "https://registry.yarnpkg.com/node-fetch/-/node-fetch-2.7.0.tgz#d0f0fa6e3e2dc1d27efcd8ad99d550bda94d187d"
  integrity sha512-c4FRfUm/dbcWZ7U+1Wq0AwCyFL+3nt2bEw05wfxSz+DWpWsitgmSgYmy2dQdWyKC1694ELPqMs/YzUSNozLt8A==
  dependencies:
    whatwg-url "^5.0.0"

node-gyp-build@^4.2.0:
  version "4.8.2"
  resolved "https://registry.yarnpkg.com/node-gyp-build/-/node-gyp-build-4.8.2.tgz#4f802b71c1ab2ca16af830e6c1ea7dd1ad9496fa"
  integrity sha512-IRUxE4BVsHWXkV/SFOut4qTlagw2aM8T5/vnTsmrHJvVoKueJHRc/JaFND7QDDc61kLYUJ6qlZM3sqTSyx2dTw==

os@^0.1.1:
  version "0.1.2"
  resolved "https://registry.yarnpkg.com/os/-/os-0.1.2.tgz#f29a50c62908516ba42652de42f7038600cadbc2"
  integrity sha512-ZoXJkvAnljwvc56MbvhtKVWmSkzV712k42Is2mA0+0KTSRakq5XXuXpjZjgAt9ctzl51ojhQWakQQpmOvXWfjQ==

path@^0.12.7:
  version "0.12.7"
  resolved "https://registry.yarnpkg.com/path/-/path-0.12.7.tgz#d4dc2a506c4ce2197eb481ebfcd5b36c0140b10f"
  integrity sha512-aXXC6s+1w7otVF9UletFkFcDsJeO7lSZBPUQhtb5O0xJe8LtYhj/GxldoL09bBj9+ZmE2hNoHqQSFMN5fikh4Q==
  dependencies:
    process "^0.11.1"
    util "^0.10.3"

process@^0.11.1:
  version "0.11.10"
  resolved "https://registry.yarnpkg.com/process/-/process-0.11.10.tgz#7332300e840161bda3e69a1d1d91a7d4bc16f182"
  integrity sha512-cdGef/drWFoydD1JsMzuFf8100nZl+GT+yacc2bEced5f9Rjk4z+WtFUTBu9PhOi9j/jfmBPu0mMEY4wIdAF8A==

randombytes@2.1.0:
  version "2.1.0"
  resolved "https://registry.yarnpkg.com/randombytes/-/randombytes-2.1.0.tgz#df6f84372f0270dc65cdf6291349ab7a473d4f2a"
  integrity sha512-vYl3iOX+4CKUWuxGi9Ukhie6fsqXqS9FE2Zaic4tNFD2N2QQaXOMFbuKK4QmDHC0JO6B1Zp41J0LpT0oR68amQ==
  dependencies:
    safe-buffer "^5.1.0"

readable-stream@^3.6.0:
  version "3.6.2"
  resolved "https://registry.yarnpkg.com/readable-stream/-/readable-stream-3.6.2.tgz#56a9b36ea965c00c5a93ef31eb111a0f11056967"
  integrity sha512-9u/sniCrY3D5WdsERHzHE4G2YCXqoG5FTHUiCC4SIbr6XcLZBY05ya9EKjYek9O5xOAwjGq+1JdGBAS7Q9ScoA==
  dependencies:
    inherits "^2.0.3"
    string_decoder "^1.1.1"
    util-deprecate "^1.0.1"

safe-buffer@^5.0.1, safe-buffer@^5.1.0, safe-buffer@~5.2.0:
  version "5.2.1"
  resolved "https://registry.yarnpkg.com/safe-buffer/-/safe-buffer-5.2.1.tgz#1eaf9fa9bdb1fdd4ec75f58f9cdb4e6b7827eec6"
  integrity sha512-rp3So07KcdmmKbGvgaNxQSJr7bGVSVk5S9Eq1F+ppbRo70+YeaDxkw5Dd8NPN+GD6bjnYm2VuPuCXmpuYvmCXQ==

secp256k1@5.0.0:
  version "5.0.0"
  resolved "https://registry.yarnpkg.com/secp256k1/-/secp256k1-5.0.0.tgz#be6f0c8c7722e2481e9773336d351de8cddd12f7"
  integrity sha512-TKWX8xvoGHrxVdqbYeZM9w+izTF4b9z3NhSaDkdn81btvuh+ivbIMGT/zQvDtTFWhRlThpoz6LEYTr7n8A5GcA==
  dependencies:
    elliptic "^6.5.4"
    node-addon-api "^5.0.0"
    node-gyp-build "^4.2.0"

setprototypeof@1.1.1:
  version "1.1.1"
  resolved "https://registry.yarnpkg.com/setprototypeof/-/setprototypeof-1.1.1.tgz#7e95acb24aa92f5885e0abef5ba131330d4ae683"
  integrity sha512-JvdAWfbXeIGaZ9cILp38HntZSFSo3mWg6xGcJJsd+d4aRMOqauag1C63dJfDw7OaMYwEbHMOxEZ1lqVRYP2OAw==

"statuses@>= 1.5.0 < 2":
  version "1.5.0"
  resolved "https://registry.yarnpkg.com/statuses/-/statuses-1.5.0.tgz#161c7dac177659fd9811f43771fa99381478628c"
  integrity sha512-OpZ3zP+jT1PI7I8nemJX4AKmAX070ZkYPVWV/AaKTJl+tXCTGyVdC1a4SL8RUQYEwk/f34ZX8UTykN68FwrqAA==

string_decoder@^1.1.1:
  version "1.3.0"
  resolved "https://registry.yarnpkg.com/string_decoder/-/string_decoder-1.3.0.tgz#42f114594a46cf1a8e30b0a84f56c78c3edac21e"
  integrity sha512-hkRX8U1WjJFd8LsDJ2yQ/wWWxaopEsABU1XfkM8A+j0+85JAGppt16cr1Whg6KIbb4okU6Mql6BOj+uup/wKeA==
  dependencies:
    safe-buffer "~5.2.0"

toidentifier@1.0.0:
  version "1.0.0"
  resolved "https://registry.yarnpkg.com/toidentifier/-/toidentifier-1.0.0.tgz#7e1be3470f1e77948bc43d94a3c8f4d7752ba553"
  integrity sha512-yaOH/Pk/VEhBWWTlhI+qXxDFXlejDGcQipMlyxda9nthulaxLZUNcUqFxokp0vcYnvteJln5FNQDRrxj3YcbVw==

tr46@~0.0.3:
  version "0.0.3"
  resolved "https://registry.yarnpkg.com/tr46/-/tr46-0.0.3.tgz#8184fd347dac9cdc185992f3a6622e14b9d9ab6a"
  integrity sha512-N3WMsuqV66lT30CrXNbEjx4GEwlow3v6rr4mCcv6prnfwhS01rkgyFdjPNBYd9br7LpXV1+Emh01fHnq2Gdgrw==

unfetch@^4.2.0:
  version "4.2.0"
  resolved "https://registry.yarnpkg.com/unfetch/-/unfetch-4.2.0.tgz#7e21b0ef7d363d8d9af0fb929a5555f6ef97a3be"
  integrity sha512-F9p7yYCn6cIW9El1zi0HI6vqpeIvBsr3dSuRO6Xuppb1u5rXpCPmMvLSyECLhybr9isec8Ohl0hPekMVrEinDA==

util-deprecate@^1.0.1:
  version "1.0.2"
  resolved "https://registry.yarnpkg.com/util-deprecate/-/util-deprecate-1.0.2.tgz#450d4dc9fa70de732762fbd2d4a28981419a0ccf"
  integrity sha512-EPD5q1uXyFxJpCrLnCc1nHnq3gOa6DZBocAIiI2TaSCA7VCJ1UJDMagCzIkXNsUYfD1daK//LTEQ8xiIbrHtcw==

util@^0.10.3:
  version "0.10.4"
  resolved "https://registry.yarnpkg.com/util/-/util-0.10.4.tgz#3aa0125bfe668a4672de58857d3ace27ecb76901"
  integrity sha512-0Pm9hTQ3se5ll1XihRic3FDIku70C+iHUdT/W926rSgHV5QgXsYbKZN8MSC3tJtSkhuROzvsQjAaFENRXr+19A==
  dependencies:
    inherits "2.0.3"

viem@^2.18.4:
  version "2.21.5"
  resolved "https://registry.yarnpkg.com/viem/-/viem-2.21.5.tgz#07db65f047f2c24732ccf92bb96933ea8e8048b9"
  integrity sha512-MFuoeGA8hRJJ0CknSuKYZjVaxSy5hyzu9MCArOANz3Iq5RITBJNIhM+m6TNvO9I2AxCSF3+PZObjbrLVg7cX2w==
  dependencies:
    "@adraffy/ens-normalize" "1.10.0"
    "@noble/curves" "1.4.0"
    "@noble/hashes" "1.4.0"
    "@scure/bip32" "1.4.0"
    "@scure/bip39" "1.4.0"
    abitype "1.0.5"
    isows "1.0.4"
    webauthn-p256 "0.0.5"
    ws "8.17.1"

webauthn-p256@0.0.5:
  version "0.0.5"
  resolved "https://registry.yarnpkg.com/webauthn-p256/-/webauthn-p256-0.0.5.tgz#0baebd2ba8a414b21cc09c0d40f9dd0be96a06bd"
  integrity sha512-drMGNWKdaixZNobeORVIqq7k5DsRC9FnG201K2QjeOoQLmtSDaSsVZdkg6n5jUALJKcAG++zBPJXmv6hy0nWFg==
  dependencies:
    "@noble/curves" "^1.4.0"
    "@noble/hashes" "^1.4.0"

webidl-conversions@^3.0.0:
  version "3.0.1"
  resolved "https://registry.yarnpkg.com/webidl-conversions/-/webidl-conversions-3.0.1.tgz#24534275e2a7bc6be7bc86611cc16ae0a5654871"
  integrity sha512-2JAn3z8AR6rjK8Sm8orRC0h/bcl/DqL7tRPdGZ4I1CjdF+EaMLmYxBHyXuKL849eucPFhvBoxMsflfOb8kxaeQ==

whatwg-url@^5.0.0:
  version "5.0.0"
  resolved "https://registry.yarnpkg.com/whatwg-url/-/whatwg-url-5.0.0.tgz#966454e8765462e37644d3626f6742ce8b70965d"
  integrity sha512-saE57nupxk6v3HY35+jzBwYa0rKSy0XR8JSxZPwgLr7ys0IBzhGviA1/TUGJLmSVqs8pb9AnvICXEuOHLprYTw==
  dependencies:
    tr46 "~0.0.3"
    webidl-conversions "^3.0.0"

ws@8.17.1:
  version "8.17.1"
  resolved "https://registry.yarnpkg.com/ws/-/ws-8.17.1.tgz#9293da530bb548febc95371d90f9c878727d919b"
  integrity sha512-6XQFvXTkbfUOZOKKILFG1PDK2NDQs4azKQl26T0YS5CxqWLgXajbPZ+h4gZekJyRqFU8pvnbAbbs/3TgRPy+GQ==

xtend@^4.0.0:
  version "4.0.2"
  resolved "https://registry.yarnpkg.com/xtend/-/xtend-4.0.2.tgz#bb72779f5fa465186b1f438f674fa347fdb5db54"
  integrity sha512-LKYU1iAXJXUgAXn9URjiu+MWhyUXHsvfp7mcuYm9dSUKK0/CjtrUwFAxD82/mCWbtLsGjFIad0wIsod4zrTAEQ==
